
Microsoft Visual Studio Solution File, Format Version 12.00
# Visual Studio 15
VisualStudioVersion = 15.0.26430.15
MinimumVisualStudioVersion = 10.0.40219.1
Project("{FAE04EC0-301F-11D3-BF4B-00C04F79EFBC}") = "EPONSDataCorrector", "EPONSDataCorrector.csproj", "{08B96C75-3144-4191-A196-CE4EFC1D574C}"
EndProject
Project("{FAE04EC0-301F-11D3-BF4B-00C04F79EFBC}") = "EPONSDataCorrector.Tests", "..\EPONSDataCorrector.Tests\EPONSDataCorrector.Tests.csproj", "{18753E6C-9AF7-4A1F-A0F8-170C74A0866D}"
EndProject
Global
	GlobalSection(SolutionConfigurationPlatforms) = preSolution
		Debug|Any CPU = Debug|Any CPU
		Release|Any CPU = Release|Any CPU
	EndGlobalSection
	GlobalSection(ProjectConfigurationPlatforms) = postSolution
		{08B96C75-3144-4191-A196-CE4EFC1D574C}.Debug|Any CPU.ActiveCfg = Debug|Any CPU
		{08B96C75-3144-4191-A196-CE4EFC1D574C}.Debug|Any CPU.Build.0 = Debug|Any CPU
		{08B96C75-3144-4191-A196-CE4EFC1D574C}.Release|Any CPU.ActiveCfg = Release|Any CPU
		{08B96C75-3144-4191-A196-CE4EFC1D574C}.Release|Any CPU.Build.0 = Release|Any CPU
		{18753E6C-9AF7-4A1F-A0F8-170C74A0866D}.Debug|Any CPU.ActiveCfg = Debug|Any CPU
		{18753E6C-9AF7-4A1F-A0F8-170C74A0866D}.Debug|Any CPU.Build.0 = Debug|Any CPU
		{18753E6C-9AF7-4A1F-A0F8-170C74A0866D}.Release|Any CPU.ActiveCfg = Release|Any CPU
		{18753E6C-9AF7-4A1F-A0F8-170C74A0866D}.Release|Any CPU.Build.0 = Release|Any CPU
	EndGlobalSection
	GlobalSection(SolutionProperties) = preSolution
		HideSolutionNode = FALSE
	EndGlobalSection
EndGlobal
